// !$*UTF8*$!
{
	archiveVersion = 1;
	classes = {
	};
	objectVersion = 54;
	objects = {

/* Begin PBXBuildFile section */
		1840C1EC293611A60045999D /* Image.swift in Sources */ = {isa = PBXBuildFile; fileRef = 1840C1EB293611A60045999D /* Image.swift */; };
		1840C23929362D570045999D /* RegisterViewController.swift in Sources */ = {isa = PBXBuildFile; fileRef = 1840C23829362D570045999D /* RegisterViewController.swift */; };
		1840C23E29363A4E0045999D /* Assets.xcassets in Resources */ = {isa = PBXBuildFile; fileRef = E2A58BF329335E9B009268C8 /* Assets.xcassets */; };
		1844A7D92941BE07008315B7 /* Product2TableViewCell.swift in Sources */ = {isa = PBXBuildFile; fileRef = 1844A7D82941BE07008315B7 /* Product2TableViewCell.swift */; };
		184D23DE293F055B000A8CDD /* SideMenuTableViewCell.swift in Sources */ = {isa = PBXBuildFile; fileRef = 184D23DD293F055B000A8CDD /* SideMenuTableViewCell.swift */; };
		184D23E1293F08A7000A8CDD /* SideMenu.swift in Sources */ = {isa = PBXBuildFile; fileRef = 184D23E0293F08A7000A8CDD /* SideMenu.swift */; };
		184D23E4293F1194000A8CDD /* SideMenuHeaderView.swift in Sources */ = {isa = PBXBuildFile; fileRef = 184D23E3293F1194000A8CDD /* SideMenuHeaderView.swift */; };
		185AE9D22939E1E100B745A9 /* SearchBar.swift in Sources */ = {isa = PBXBuildFile; fileRef = 185AE9D12939E1E100B745A9 /* SearchBar.swift */; };
		185AE9D5293A07B700B745A9 /* MenuCollectionViewCell.swift in Sources */ = {isa = PBXBuildFile; fileRef = 185AE9D4293A07B700B745A9 /* MenuCollectionViewCell.swift */; };
		185AE9D8293A0B0C00B745A9 /* Restaurant.swift in Sources */ = {isa = PBXBuildFile; fileRef = 185AE9D7293A0B0C00B745A9 /* Restaurant.swift */; };
		185AE9E3293A201C00B745A9 /* ProductDetailHeaderView.swift in Sources */ = {isa = PBXBuildFile; fileRef = 185AE9E2293A201C00B745A9 /* ProductDetailHeaderView.swift */; };
		185FD3212937198B009D7274 /* SplashViewController.swift in Sources */ = {isa = PBXBuildFile; fileRef = 185FD3202937198B009D7274 /* SplashViewController.swift */; };
		185FD329293736A6009D7274 /* TableView.swift in Sources */ = {isa = PBXBuildFile; fileRef = 185FD328293736A6009D7274 /* TableView.swift */; };
		185FD33229375F41009D7274 /* ProductViewController.swift in Sources */ = {isa = PBXBuildFile; fileRef = 185FD33129375F41009D7274 /* ProductViewController.swift */; };
		185FD33529375F76009D7274 /* ProductCollectionViewCell.swift in Sources */ = {isa = PBXBuildFile; fileRef = 185FD33429375F76009D7274 /* ProductCollectionViewCell.swift */; };
		185FD33B293761FC009D7274 /* CollectionView.swift in Sources */ = {isa = PBXBuildFile; fileRef = 185FD33A293761FC009D7274 /* CollectionView.swift */; };
		185FD33F29376B9F009D7274 /* ReviewsViewController.swift in Sources */ = {isa = PBXBuildFile; fileRef = 185FD33E29376B9F009D7274 /* ReviewsViewController.swift */; };
		185FD34229376DC7009D7274 /* ReviewsTableViewCell.swift in Sources */ = {isa = PBXBuildFile; fileRef = 185FD34129376DC7009D7274 /* ReviewsTableViewCell.swift */; };
		18B80137293DC1FE00EB18A7 /* RestaurantTableViewCell.swift in Sources */ = {isa = PBXBuildFile; fileRef = 18B80136293DC1FE00EB18A7 /* RestaurantTableViewCell.swift */; };
		18B80141293DD19D00EB18A7 /* SideMenuViewController.swift in Sources */ = {isa = PBXBuildFile; fileRef = 18B80140293DD19D00EB18A7 /* SideMenuViewController.swift */; };
		18FECEC829386C9C00857885 /* HomeViewController.swift in Sources */ = {isa = PBXBuildFile; fileRef = 18FECEC729386C9C00857885 /* HomeViewController.swift */; };
		18FECECB29386CEC00857885 /* HomeTableViewCell.swift in Sources */ = {isa = PBXBuildFile; fileRef = 18FECECA29386CEC00857885 /* HomeTableViewCell.swift */; };
		18FECF092938C2DA00857885 /* Product.swift in Sources */ = {isa = PBXBuildFile; fileRef = 18FECF082938C2DA00857885 /* Product.swift */; };
		18FECF0D2938C2EC00857885 /* Restaurants.swift in Sources */ = {isa = PBXBuildFile; fileRef = 18FECF0C2938C2EC00857885 /* Restaurants.swift */; };
		18FECF102938C2F800857885 /* Reviews.swift in Sources */ = {isa = PBXBuildFile; fileRef = 18FECF0F2938C2F800857885 /* Reviews.swift */; };
		18FECF132938C33100857885 /* ProductTableViewCell.swift in Sources */ = {isa = PBXBuildFile; fileRef = 18FECF122938C33100857885 /* ProductTableViewCell.swift */; };
		18FECF192938DCE800857885 /* HomeHeaderView.swift in Sources */ = {isa = PBXBuildFile; fileRef = 18FECF182938DCE800857885 /* HomeHeaderView.swift */; };
		543C645EBD8F138C596ACDEC /* Pods_Rabatjuh.framework in Frameworks */ = {isa = PBXBuildFile; fileRef = A694FCAC8D3CB8177B77341F /* Pods_Rabatjuh.framework */; };
		606AD9832935DD5B00131937 /* Regex.swift in Sources */ = {isa = PBXBuildFile; fileRef = 606AD9822935DD5B00131937 /* Regex.swift */; };
		E2A58BEB29335E99009268C8 /* AppDelegate.swift in Sources */ = {isa = PBXBuildFile; fileRef = E2A58BEA29335E99009268C8 /* AppDelegate.swift */; };
		E2A58BED29335E99009268C8 /* SceneDelegate.swift in Sources */ = {isa = PBXBuildFile; fileRef = E2A58BEC29335E99009268C8 /* SceneDelegate.swift */; };
		E2A58BEF29335E99009268C8 /* LoginViewController.swift in Sources */ = {isa = PBXBuildFile; fileRef = E2A58BEE29335E99009268C8 /* LoginViewController.swift */; };
		E2B4D078293363C80024345B /* Localizable.strings in Resources */ = {isa = PBXBuildFile; fileRef = E2B4D07A293363C80024345B /* Localizable.strings */; };
		E2B4D07F293368010024345B /* Key.swift in Sources */ = {isa = PBXBuildFile; fileRef = E2B4D07E293368010024345B /* Key.swift */; };
		E2B4D081293368190024345B /* Color.swift in Sources */ = {isa = PBXBuildFile; fileRef = E2B4D080293368190024345B /* Color.swift */; };
		E2B4D083293368220024345B /* Font.swift in Sources */ = {isa = PBXBuildFile; fileRef = E2B4D082293368220024345B /* Font.swift */; };
		E2B4D0852933683D0024345B /* String.swift in Sources */ = {isa = PBXBuildFile; fileRef = E2B4D0842933683D0024345B /* String.swift */; };
		E2B4D08A293389350024345B /* Label.swift in Sources */ = {isa = PBXBuildFile; fileRef = E2B4D089293389350024345B /* Label.swift */; };
		E2B4D08E293392490024345B /* UserDefaults.swift in Sources */ = {isa = PBXBuildFile; fileRef = E2B4D08D293392490024345B /* UserDefaults.swift */; };
		E2B4D0912933A39C0024345B /* AppString.swift in Sources */ = {isa = PBXBuildFile; fileRef = E2B4D0902933A39B0024345B /* AppString.swift */; };
		E2B4D0932933B0B40024345B /* Textfield.swift in Sources */ = {isa = PBXBuildFile; fileRef = E2B4D0922933B0B40024345B /* Textfield.swift */; };
		E2B4D0952933B0BC0024345B /* Button.swift in Sources */ = {isa = PBXBuildFile; fileRef = E2B4D0942933B0BC0024345B /* Button.swift */; };
		E2B4D0972933B6720024345B /* View.swift in Sources */ = {isa = PBXBuildFile; fileRef = E2B4D0962933B6720024345B /* View.swift */; };
		E2B4D09B2933D13C0024345B /* UIConstant.swift in Sources */ = {isa = PBXBuildFile; fileRef = E2B4D09A2933D13C0024345B /* UIConstant.swift */; };
		E2B4D09D2933E5FA0024345B /* StackView.swift in Sources */ = {isa = PBXBuildFile; fileRef = E2B4D09C2933E5FA0024345B /* StackView.swift */; };
		E2B4D0A52933F5770024345B /* ServerApi.swift in Sources */ = {isa = PBXBuildFile; fileRef = E2B4D0A42933F5770024345B /* ServerApi.swift */; };
		E2B4D0AF2933F79C0024345B /* NetworkManager.swift in Sources */ = {isa = PBXBuildFile; fileRef = E2B4D0AE2933F79C0024345B /* NetworkManager.swift */; };
		E2B4D0B72935B0C90024345B /* Constant.swift in Sources */ = {isa = PBXBuildFile; fileRef = E2B4D0B62935B0C90024345B /* Constant.swift */; };
		E2B4D0B92935B2960024345B /* Alert.swift in Sources */ = {isa = PBXBuildFile; fileRef = E2B4D0B82935B2960024345B /* Alert.swift */; };
/* End PBXBuildFile section */

/* Begin PBXFileReference section */
		0C7D692390A19DFECB922B25 /* Pods-Rabatjuh.debug.xcconfig */ = {isa = PBXFileReference; includeInIndex = 1; lastKnownFileType = text.xcconfig; name = "Pods-Rabatjuh.debug.xcconfig"; path = "Target Support Files/Pods-Rabatjuh/Pods-Rabatjuh.debug.xcconfig"; sourceTree = "<group>"; };
		1840C1EB293611A60045999D /* Image.swift */ = {isa = PBXFileReference; lastKnownFileType = sourcecode.swift; path = Image.swift; sourceTree = "<group>"; };
		1840C23829362D570045999D /* RegisterViewController.swift */ = {isa = PBXFileReference; lastKnownFileType = sourcecode.swift; path = RegisterViewController.swift; sourceTree = "<group>"; };
		1844A7D82941BE07008315B7 /* Product2TableViewCell.swift */ = {isa = PBXFileReference; lastKnownFileType = sourcecode.swift; path = Product2TableViewCell.swift; sourceTree = "<group>"; };
		184D23DD293F055B000A8CDD /* SideMenuTableViewCell.swift */ = {isa = PBXFileReference; lastKnownFileType = sourcecode.swift; path = SideMenuTableViewCell.swift; sourceTree = "<group>"; };
		184D23E0293F08A7000A8CDD /* SideMenu.swift */ = {isa = PBXFileReference; lastKnownFileType = sourcecode.swift; path = SideMenu.swift; sourceTree = "<group>"; };
		184D23E3293F1194000A8CDD /* SideMenuHeaderView.swift */ = {isa = PBXFileReference; lastKnownFileType = sourcecode.swift; path = SideMenuHeaderView.swift; sourceTree = "<group>"; };
		185AE9D12939E1E100B745A9 /* SearchBar.swift */ = {isa = PBXFileReference; lastKnownFileType = sourcecode.swift; path = SearchBar.swift; sourceTree = "<group>"; };
		185AE9D4293A07B700B745A9 /* MenuCollectionViewCell.swift */ = {isa = PBXFileReference; lastKnownFileType = sourcecode.swift; path = MenuCollectionViewCell.swift; sourceTree = "<group>"; };
		185AE9D7293A0B0C00B745A9 /* Restaurant.swift */ = {isa = PBXFileReference; lastKnownFileType = sourcecode.swift; path = Restaurant.swift; sourceTree = "<group>"; };
		185AE9E2293A201C00B745A9 /* ProductDetailHeaderView.swift */ = {isa = PBXFileReference; lastKnownFileType = sourcecode.swift; path = ProductDetailHeaderView.swift; sourceTree = "<group>"; };
		185FD3202937198B009D7274 /* SplashViewController.swift */ = {isa = PBXFileReference; lastKnownFileType = sourcecode.swift; path = SplashViewController.swift; sourceTree = "<group>"; };
		185FD328293736A6009D7274 /* TableView.swift */ = {isa = PBXFileReference; lastKnownFileType = sourcecode.swift; path = TableView.swift; sourceTree = "<group>"; };
		185FD33129375F41009D7274 /* ProductViewController.swift */ = {isa = PBXFileReference; lastKnownFileType = sourcecode.swift; path = ProductViewController.swift; sourceTree = "<group>"; };
		185FD33429375F76009D7274 /* ProductCollectionViewCell.swift */ = {isa = PBXFileReference; lastKnownFileType = sourcecode.swift; name = ProductCollectionViewCell.swift; path = Rabatjuh/ViewControllers/ProductCollectionViewCell.swift; sourceTree = SOURCE_ROOT; };
		185FD33A293761FC009D7274 /* CollectionView.swift */ = {isa = PBXFileReference; lastKnownFileType = sourcecode.swift; path = CollectionView.swift; sourceTree = "<group>"; };
		185FD33E29376B9F009D7274 /* ReviewsViewController.swift */ = {isa = PBXFileReference; lastKnownFileType = sourcecode.swift; path = ReviewsViewController.swift; sourceTree = "<group>"; };
		185FD34129376DC7009D7274 /* ReviewsTableViewCell.swift */ = {isa = PBXFileReference; lastKnownFileType = sourcecode.swift; name = ReviewsTableViewCell.swift; path = Rabatjuh/ViewControllers/ReviewsTableViewCell.swift; sourceTree = SOURCE_ROOT; };
		18B80136293DC1FE00EB18A7 /* RestaurantTableViewCell.swift */ = {isa = PBXFileReference; lastKnownFileType = sourcecode.swift; path = RestaurantTableViewCell.swift; sourceTree = "<group>"; };
		18B80140293DD19D00EB18A7 /* SideMenuViewController.swift */ = {isa = PBXFileReference; lastKnownFileType = sourcecode.swift; path = SideMenuViewController.swift; sourceTree = "<group>"; };
		18FECEC729386C9C00857885 /* HomeViewController.swift */ = {isa = PBXFileReference; lastKnownFileType = sourcecode.swift; path = HomeViewController.swift; sourceTree = "<group>"; };
		18FECECA29386CEC00857885 /* HomeTableViewCell.swift */ = {isa = PBXFileReference; lastKnownFileType = sourcecode.swift; name = HomeTableViewCell.swift; path = Rabatjuh/ViewControllers/HomeTableViewCell.swift; sourceTree = SOURCE_ROOT; };
		18FECF082938C2DA00857885 /* Product.swift */ = {isa = PBXFileReference; lastKnownFileType = sourcecode.swift; path = Product.swift; sourceTree = "<group>"; };
		18FECF0C2938C2EC00857885 /* Restaurants.swift */ = {isa = PBXFileReference; lastKnownFileType = sourcecode.swift; path = Restaurants.swift; sourceTree = "<group>"; };
		18FECF0F2938C2F800857885 /* Reviews.swift */ = {isa = PBXFileReference; lastKnownFileType = sourcecode.swift; path = Reviews.swift; sourceTree = "<group>"; };
		18FECF122938C33100857885 /* ProductTableViewCell.swift */ = {isa = PBXFileReference; lastKnownFileType = sourcecode.swift; path = ProductTableViewCell.swift; sourceTree = "<group>"; };
		18FECF182938DCE800857885 /* HomeHeaderView.swift */ = {isa = PBXFileReference; lastKnownFileType = sourcecode.swift; path = HomeHeaderView.swift; sourceTree = "<group>"; };
		606AD9822935DD5B00131937 /* Regex.swift */ = {isa = PBXFileReference; lastKnownFileType = sourcecode.swift; path = Regex.swift; sourceTree = "<group>"; };
		755E8BD9C204F36676454E12 /* Pods-Swift Boiler Plate.debug.xcconfig */ = {isa = PBXFileReference; includeInIndex = 1; lastKnownFileType = text.xcconfig; name = "Pods-Swift Boiler Plate.debug.xcconfig"; path = "Target Support Files/Pods-Swift Boiler Plate/Pods-Swift Boiler Plate.debug.xcconfig"; sourceTree = "<group>"; };
		7DE3FBCB8F817F88C2A46A31 /* Pods-Swift Boiler Plate.release.xcconfig */ = {isa = PBXFileReference; includeInIndex = 1; lastKnownFileType = text.xcconfig; name = "Pods-Swift Boiler Plate.release.xcconfig"; path = "Target Support Files/Pods-Swift Boiler Plate/Pods-Swift Boiler Plate.release.xcconfig"; sourceTree = "<group>"; };
		9671CDDE0E6F7D4DD0B68BAF /* Pods-Rabatjuh.release.xcconfig */ = {isa = PBXFileReference; includeInIndex = 1; lastKnownFileType = text.xcconfig; name = "Pods-Rabatjuh.release.xcconfig"; path = "Target Support Files/Pods-Rabatjuh/Pods-Rabatjuh.release.xcconfig"; sourceTree = "<group>"; };
		A694FCAC8D3CB8177B77341F /* Pods_Rabatjuh.framework */ = {isa = PBXFileReference; explicitFileType = wrapper.framework; includeInIndex = 0; path = Pods_Rabatjuh.framework; sourceTree = BUILT_PRODUCTS_DIR; };
		E2A58BE729335E99009268C8 /* Rabatjuh.app */ = {isa = PBXFileReference; explicitFileType = wrapper.application; includeInIndex = 0; path = Rabatjuh.app; sourceTree = BUILT_PRODUCTS_DIR; };
		E2A58BEA29335E99009268C8 /* AppDelegate.swift */ = {isa = PBXFileReference; lastKnownFileType = sourcecode.swift; path = AppDelegate.swift; sourceTree = "<group>"; };
		E2A58BEC29335E99009268C8 /* SceneDelegate.swift */ = {isa = PBXFileReference; lastKnownFileType = sourcecode.swift; path = SceneDelegate.swift; sourceTree = "<group>"; };
		E2A58BEE29335E99009268C8 /* LoginViewController.swift */ = {isa = PBXFileReference; lastKnownFileType = sourcecode.swift; path = LoginViewController.swift; sourceTree = "<group>"; };
		E2A58BF329335E9B009268C8 /* Assets.xcassets */ = {isa = PBXFileReference; lastKnownFileType = folder.assetcatalog; path = Assets.xcassets; sourceTree = "<group>"; };
		E2A58BF829335E9B009268C8 /* Info.plist */ = {isa = PBXFileReference; lastKnownFileType = text.plist.xml; path = Info.plist; sourceTree = "<group>"; };
		E2B4D079293363C80024345B /* en */ = {isa = PBXFileReference; lastKnownFileType = text.plist.strings; name = en; path = en.lproj/Localizable.strings; sourceTree = "<group>"; };
		E2B4D07B293363D90024345B /* de */ = {isa = PBXFileReference; lastKnownFileType = text.plist.strings; name = de; path = de.lproj/Localizable.strings; sourceTree = "<group>"; };
		E2B4D07E293368010024345B /* Key.swift */ = {isa = PBXFileReference; lastKnownFileType = sourcecode.swift; path = Key.swift; sourceTree = "<group>"; };
		E2B4D080293368190024345B /* Color.swift */ = {isa = PBXFileReference; lastKnownFileType = sourcecode.swift; path = Color.swift; sourceTree = "<group>"; };
		E2B4D082293368220024345B /* Font.swift */ = {isa = PBXFileReference; lastKnownFileType = sourcecode.swift; path = Font.swift; sourceTree = "<group>"; };
		E2B4D0842933683D0024345B /* String.swift */ = {isa = PBXFileReference; lastKnownFileType = sourcecode.swift; path = String.swift; sourceTree = "<group>"; };
		E2B4D089293389350024345B /* Label.swift */ = {isa = PBXFileReference; lastKnownFileType = sourcecode.swift; path = Label.swift; sourceTree = "<group>"; };
		E2B4D08D293392490024345B /* UserDefaults.swift */ = {isa = PBXFileReference; lastKnownFileType = sourcecode.swift; path = UserDefaults.swift; sourceTree = "<group>"; };
		E2B4D0902933A39B0024345B /* AppString.swift */ = {isa = PBXFileReference; lastKnownFileType = sourcecode.swift; path = AppString.swift; sourceTree = "<group>"; };
		E2B4D0922933B0B40024345B /* Textfield.swift */ = {isa = PBXFileReference; lastKnownFileType = sourcecode.swift; path = Textfield.swift; sourceTree = "<group>"; };
		E2B4D0942933B0BC0024345B /* Button.swift */ = {isa = PBXFileReference; lastKnownFileType = sourcecode.swift; path = Button.swift; sourceTree = "<group>"; };
		E2B4D0962933B6720024345B /* View.swift */ = {isa = PBXFileReference; lastKnownFileType = sourcecode.swift; path = View.swift; sourceTree = "<group>"; };
		E2B4D09A2933D13C0024345B /* UIConstant.swift */ = {isa = PBXFileReference; lastKnownFileType = sourcecode.swift; path = UIConstant.swift; sourceTree = "<group>"; };
		E2B4D09C2933E5FA0024345B /* StackView.swift */ = {isa = PBXFileReference; lastKnownFileType = sourcecode.swift; path = StackView.swift; sourceTree = "<group>"; };
		E2B4D0A42933F5770024345B /* ServerApi.swift */ = {isa = PBXFileReference; lastKnownFileType = sourcecode.swift; path = ServerApi.swift; sourceTree = "<group>"; };
		E2B4D0AE2933F79C0024345B /* NetworkManager.swift */ = {isa = PBXFileReference; lastKnownFileType = sourcecode.swift; path = NetworkManager.swift; sourceTree = "<group>"; };
		E2B4D0B62935B0C90024345B /* Constant.swift */ = {isa = PBXFileReference; lastKnownFileType = sourcecode.swift; path = Constant.swift; sourceTree = "<group>"; };
		E2B4D0B82935B2960024345B /* Alert.swift */ = {isa = PBXFileReference; lastKnownFileType = sourcecode.swift; path = Alert.swift; sourceTree = "<group>"; };
/* End PBXFileReference section */

/* Begin PBXFrameworksBuildPhase section */
		E2A58BE429335E99009268C8 /* Frameworks */ = {
			isa = PBXFrameworksBuildPhase;
			buildActionMask = 2147483647;
			files = (
				543C645EBD8F138C596ACDEC /* Pods_Rabatjuh.framework in Frameworks */,
			);
			runOnlyForDeploymentPostprocessing = 0;
		};
/* End PBXFrameworksBuildPhase section */

/* Begin PBXGroup section */
		18B80149293DE18B00EB18A7 /* UserSideViewController */ = {
			isa = PBXGroup;
			children = (
				185FD3202937198B009D7274 /* SplashViewController.swift */,
				E2A58BEE29335E99009268C8 /* LoginViewController.swift */,
				1840C23829362D570045999D /* RegisterViewController.swift */,
				18FECEC729386C9C00857885 /* HomeViewController.swift */,
				185FD33129375F41009D7274 /* ProductViewController.swift */,
				185FD33E29376B9F009D7274 /* ReviewsViewController.swift */,
				18B80140293DD19D00EB18A7 /* SideMenuViewController.swift */,
			);
			path = UserSideViewController;
			sourceTree = "<group>";
		};
		18FECF072938C2B900857885 /* Model */ = {
			isa = PBXGroup;
			children = (
				18FECF082938C2DA00857885 /* Product.swift */,
				18FECF0C2938C2EC00857885 /* Restaurants.swift */,
				18FECF0F2938C2F800857885 /* Reviews.swift */,
				185AE9D7293A0B0C00B745A9 /* Restaurant.swift */,
				184D23E0293F08A7000A8CDD /* SideMenu.swift */,
			);
			path = Model;
			sourceTree = "<group>";
		};
		18FECF172938DBEF00857885 /* Header */ = {
			isa = PBXGroup;
			children = (
				18FECF182938DCE800857885 /* HomeHeaderView.swift */,
				185AE9E2293A201C00B745A9 /* ProductDetailHeaderView.swift */,
				184D23E3293F1194000A8CDD /* SideMenuHeaderView.swift */,
			);
			path = Header;
			sourceTree = "<group>";
		};
		606AD9842935F55000131937 /* Components */ = {
			isa = PBXGroup;
			children = (
			);
			path = Components;
			sourceTree = "<group>";
		};
		606AD9852935F55800131937 /* Cells */ = {
			isa = PBXGroup;
			children = (
				18FECF172938DBEF00857885 /* Header */,
				606AD9872935F56900131937 /* CollectionView */,
				606AD9862935F56000131937 /* TableView */,
			);
			path = Cells;
			sourceTree = "<group>";
		};
		606AD9862935F56000131937 /* TableView */ = {
			isa = PBXGroup;
			children = (
				18B80136293DC1FE00EB18A7 /* RestaurantTableViewCell.swift */,
				18FECECA29386CEC00857885 /* HomeTableViewCell.swift */,
				185FD34129376DC7009D7274 /* ReviewsTableViewCell.swift */,
				18FECF122938C33100857885 /* ProductTableViewCell.swift */,
				184D23DD293F055B000A8CDD /* SideMenuTableViewCell.swift */,
				1844A7D82941BE07008315B7 /* Product2TableViewCell.swift */,
			);
			path = TableView;
			sourceTree = "<group>";
		};
		606AD9872935F56900131937 /* CollectionView */ = {
			isa = PBXGroup;
			children = (
				185FD33429375F76009D7274 /* ProductCollectionViewCell.swift */,
				185AE9D4293A07B700B745A9 /* MenuCollectionViewCell.swift */,
			);
			path = CollectionView;
			sourceTree = "<group>";
		};
		9F7091A9814CEAE4D39EF664 /* Frameworks */ = {
			isa = PBXGroup;
			children = (
				A694FCAC8D3CB8177B77341F /* Pods_Rabatjuh.framework */,
			);
			name = Frameworks;
			sourceTree = "<group>";
		};
		E2A58BDE29335E99009268C8 = {
			isa = PBXGroup;
			children = (
				E2A58BE929335E99009268C8 /* Rabatjuh */,
				E2A58BE829335E99009268C8 /* Products */,
				EE22065D73735D2E54E89B09 /* Pods */,
				9F7091A9814CEAE4D39EF664 /* Frameworks */,
			);
			sourceTree = "<group>";
			usesTabs = 0;
			wrapsLines = 1;
		};
		E2A58BE829335E99009268C8 /* Products */ = {
			isa = PBXGroup;
			children = (
				E2A58BE729335E99009268C8 /* Rabatjuh.app */,
			);
			name = Products;
			sourceTree = "<group>";
		};
		E2A58BE929335E99009268C8 /* Rabatjuh */ = {
			isa = PBXGroup;
			children = (
				E2B4D07C293364970024345B /* Application */,
				E2A58BFE29335FFC009268C8 /* Resources */,
				E2B4D07D293367C40024345B /* Define */,
				E2B4D0992933D1260024345B /* Constants */,
				E2B4D0982933CFD40024345B /* Utilis */,
				E2B4D0A22933F4A90024345B /* NetworkManager */,
				606AD9842935F55000131937 /* Components */,
				E2B4D08B29338A160024345B /* ViewControllers */,
				606AD9852935F55800131937 /* Cells */,
				E2B4D09E2933F1410024345B /* ViewModel */,
				18FECF072938C2B900857885 /* Model */,
			);
			path = Rabatjuh;
			sourceTree = "<group>";
		};
		E2A58BFE29335FFC009268C8 /* Resources */ = {
			isa = PBXGroup;
			children = (
				E2A58BF329335E9B009268C8 /* Assets.xcassets */,
				E2A58BF829335E9B009268C8 /* Info.plist */,
				E2B4D07A293363C80024345B /* Localizable.strings */,
			);
			path = Resources;
			sourceTree = "<group>";
		};
		E2B4D07C293364970024345B /* Application */ = {
			isa = PBXGroup;
			children = (
				E2A58BEA29335E99009268C8 /* AppDelegate.swift */,
				E2A58BEC29335E99009268C8 /* SceneDelegate.swift */,
			);
			path = Application;
			sourceTree = "<group>";
		};
		E2B4D07D293367C40024345B /* Define */ = {
			isa = PBXGroup;
			children = (
				E2B4D07E293368010024345B /* Key.swift */,
				E2B4D080293368190024345B /* Color.swift */,
				E2B4D082293368220024345B /* Font.swift */,
				E2B4D0902933A39B0024345B /* AppString.swift */,
				606AD9822935DD5B00131937 /* Regex.swift */,
			);
			path = Define;
			sourceTree = "<group>";
		};
		E2B4D088293388FC0024345B /* Extensions */ = {
			isa = PBXGroup;
			children = (
				E2B4D0842933683D0024345B /* String.swift */,
				E2B4D089293389350024345B /* Label.swift */,
				E2B4D0922933B0B40024345B /* Textfield.swift */,
				E2B4D0942933B0BC0024345B /* Button.swift */,
				E2B4D0962933B6720024345B /* View.swift */,
				E2B4D09C2933E5FA0024345B /* StackView.swift */,
				E2B4D0B82935B2960024345B /* Alert.swift */,
				1840C1EB293611A60045999D /* Image.swift */,
				185FD328293736A6009D7274 /* TableView.swift */,
				185FD33A293761FC009D7274 /* CollectionView.swift */,
				185AE9D12939E1E100B745A9 /* SearchBar.swift */,
			);
			path = Extensions;
			sourceTree = "<group>";
		};
		E2B4D08B29338A160024345B /* ViewControllers */ = {
			isa = PBXGroup;
			children = (
				E2B4D09F2933F1530024345B /* Base */,
				18B80149293DE18B00EB18A7 /* UserSideViewController */,
			);
			path = ViewControllers;
			sourceTree = "<group>";
		};
		E2B4D08C293391E80024345B /* UserDefaults */ = {
			isa = PBXGroup;
			children = (
				E2B4D08D293392490024345B /* UserDefaults.swift */,
			);
			path = UserDefaults;
			sourceTree = "<group>";
		};
		E2B4D0982933CFD40024345B /* Utilis */ = {
			isa = PBXGroup;
			children = (
				E2B4D08C293391E80024345B /* UserDefaults */,
				E2B4D088293388FC0024345B /* Extensions */,
			);
			path = Utilis;
			sourceTree = "<group>";
		};
		E2B4D0992933D1260024345B /* Constants */ = {
			isa = PBXGroup;
			children = (
				E2B4D0B62935B0C90024345B /* Constant.swift */,
				E2B4D09A2933D13C0024345B /* UIConstant.swift */,
			);
			path = Constants;
			sourceTree = "<group>";
		};
		E2B4D09E2933F1410024345B /* ViewModel */ = {
			isa = PBXGroup;
			children = (
			);
			path = ViewModel;
			sourceTree = "<group>";
		};
		E2B4D09F2933F1530024345B /* Base */ = {
			isa = PBXGroup;
			children = (
			);
			path = Base;
			sourceTree = "<group>";
		};
		E2B4D0A22933F4A90024345B /* NetworkManager */ = {
			isa = PBXGroup;
			children = (
				E2B4D0A42933F5770024345B /* ServerApi.swift */,
				E2B4D0AE2933F79C0024345B /* NetworkManager.swift */,
			);
			path = NetworkManager;
			sourceTree = "<group>";
		};
		EE22065D73735D2E54E89B09 /* Pods */ = {
			isa = PBXGroup;
			children = (
				755E8BD9C204F36676454E12 /* Pods-Swift Boiler Plate.debug.xcconfig */,
				7DE3FBCB8F817F88C2A46A31 /* Pods-Swift Boiler Plate.release.xcconfig */,
				0C7D692390A19DFECB922B25 /* Pods-Rabatjuh.debug.xcconfig */,
				9671CDDE0E6F7D4DD0B68BAF /* Pods-Rabatjuh.release.xcconfig */,
			);
			path = Pods;
			sourceTree = "<group>";
		};
/* End PBXGroup section */

/* Begin PBXNativeTarget section */
		E2A58BE629335E99009268C8 /* Rabatjuh */ = {
			isa = PBXNativeTarget;
			buildConfigurationList = E2A58BFB29335E9B009268C8 /* Build configuration list for PBXNativeTarget "Rabatjuh" */;
			buildPhases = (
				2ECF4C5BEF55942833671921 /* [CP] Check Pods Manifest.lock */,
				E2A58BE329335E99009268C8 /* Sources */,
				E2A58BE429335E99009268C8 /* Frameworks */,
				E2A58BE529335E99009268C8 /* Resources */,
				E56616BD8EFBAFCB10A91E15 /* [CP] Embed Pods Frameworks */,
			);
			buildRules = (
			);
			dependencies = (
			);
			name = Rabatjuh;
			productName = "Swift Boiler Plate";
			productReference = E2A58BE729335E99009268C8 /* Rabatjuh.app */;
			productType = "com.apple.product-type.application";
		};
/* End PBXNativeTarget section */

/* Begin PBXProject section */
		E2A58BDF29335E99009268C8 /* Project object */ = {
			isa = PBXProject;
			attributes = {
				BuildIndependentTargetsInParallel = 1;
				LastSwiftUpdateCheck = 1410;
				LastUpgradeCheck = 1410;
				TargetAttributes = {
					E2A58BE629335E99009268C8 = {
						CreatedOnToolsVersion = 14.1;
					};
				};
			};
			buildConfigurationList = E2A58BE229335E99009268C8 /* Build configuration list for PBXProject "Rabatjuh" */;
			compatibilityVersion = "Xcode 12.0";
			developmentRegion = en;
			hasScannedForEncodings = 0;
			knownRegions = (
				en,
				Base,
				de,
			);
			mainGroup = E2A58BDE29335E99009268C8;
			productRefGroup = E2A58BE829335E99009268C8 /* Products */;
			projectDirPath = "";
			projectRoot = "";
			targets = (
				E2A58BE629335E99009268C8 /* Rabatjuh */,
			);
		};
/* End PBXProject section */

/* Begin PBXResourcesBuildPhase section */
		E2A58BE529335E99009268C8 /* Resources */ = {
			isa = PBXResourcesBuildPhase;
			buildActionMask = 2147483647;
			files = (
				1840C23E29363A4E0045999D /* Assets.xcassets in Resources */,
				E2B4D078293363C80024345B /* Localizable.strings in Resources */,
			);
			runOnlyForDeploymentPostprocessing = 0;
		};
/* End PBXResourcesBuildPhase section */

/* Begin PBXShellScriptBuildPhase section */
		2ECF4C5BEF55942833671921 /* [CP] Check Pods Manifest.lock */ = {
			isa = PBXShellScriptBuildPhase;
			buildActionMask = 2147483647;
			files = (
			);
			inputFileListPaths = (
			);
			inputPaths = (
				"${PODS_PODFILE_DIR_PATH}/Podfile.lock",
				"${PODS_ROOT}/Manifest.lock",
			);
			name = "[CP] Check Pods Manifest.lock";
			outputFileListPaths = (
			);
			outputPaths = (
				"$(DERIVED_FILE_DIR)/Pods-Rabatjuh-checkManifestLockResult.txt",
			);
			runOnlyForDeploymentPostprocessing = 0;
			shellPath = /bin/sh;
			shellScript = "diff \"${PODS_PODFILE_DIR_PATH}/Podfile.lock\" \"${PODS_ROOT}/Manifest.lock\" > /dev/null\nif [ $? != 0 ] ; then\n    # print error to STDERR\n    echo \"error: The sandbox is not in sync with the Podfile.lock. Run 'pod install' or update your CocoaPods installation.\" >&2\n    exit 1\nfi\n# This output is used by Xcode 'outputs' to avoid re-running this script phase.\necho \"SUCCESS\" > \"${SCRIPT_OUTPUT_FILE_0}\"\n";
			showEnvVarsInLog = 0;
		};
		E56616BD8EFBAFCB10A91E15 /* [CP] Embed Pods Frameworks */ = {
			isa = PBXShellScriptBuildPhase;
			buildActionMask = 2147483647;
			files = (
			);
			inputFileListPaths = (
				"${PODS_ROOT}/Target Support Files/Pods-Rabatjuh/Pods-Rabatjuh-frameworks-${CONFIGURATION}-input-files.xcfilelist",
			);
			name = "[CP] Embed Pods Frameworks";
			outputFileListPaths = (
				"${PODS_ROOT}/Target Support Files/Pods-Rabatjuh/Pods-Rabatjuh-frameworks-${CONFIGURATION}-output-files.xcfilelist",
			);
			runOnlyForDeploymentPostprocessing = 0;
			shellPath = /bin/sh;
			shellScript = "\"${PODS_ROOT}/Target Support Files/Pods-Rabatjuh/Pods-Rabatjuh-frameworks.sh\"\n";
			showEnvVarsInLog = 0;
		};
/* End PBXShellScriptBuildPhase section */

/* Begin PBXSourcesBuildPhase section */
		E2A58BE329335E99009268C8 /* Sources */ = {
			isa = PBXSourcesBuildPhase;
			buildActionMask = 2147483647;
			files = (
				185AE9E3293A201C00B745A9 /* ProductDetailHeaderView.swift in Sources */,
				185AE9D22939E1E100B745A9 /* SearchBar.swift in Sources */,
				E2B4D0972933B6720024345B /* View.swift in Sources */,
				1840C23929362D570045999D /* RegisterViewController.swift in Sources */,
				18B80141293DD19D00EB18A7 /* SideMenuViewController.swift in Sources */,
				18FECF132938C33100857885 /* ProductTableViewCell.swift in Sources */,
				184D23DE293F055B000A8CDD /* SideMenuTableViewCell.swift in Sources */,
				E2A58BEF29335E99009268C8 /* LoginViewController.swift in Sources */,
				E2B4D0B92935B2960024345B /* Alert.swift in Sources */,
				E2B4D0AF2933F79C0024345B /* NetworkManager.swift in Sources */,
				18FECEC829386C9C00857885 /* HomeViewController.swift in Sources */,
				18FECECB29386CEC00857885 /* HomeTableViewCell.swift in Sources */,
				185FD33529375F76009D7274 /* ProductCollectionViewCell.swift in Sources */,
				185FD3212937198B009D7274 /* SplashViewController.swift in Sources */,
				18FECF092938C2DA00857885 /* Product.swift in Sources */,
				185FD329293736A6009D7274 /* TableView.swift in Sources */,
				18FECF102938C2F800857885 /* Reviews.swift in Sources */,
				E2B4D07F293368010024345B /* Key.swift in Sources */,
				E2B4D09B2933D13C0024345B /* UIConstant.swift in Sources */,
				E2B4D083293368220024345B /* Font.swift in Sources */,
				184D23E1293F08A7000A8CDD /* SideMenu.swift in Sources */,
				185FD33229375F41009D7274 /* ProductViewController.swift in Sources */,
				1840C1EC293611A60045999D /* Image.swift in Sources */,
				E2A58BEB29335E99009268C8 /* AppDelegate.swift in Sources */,
				E2B4D0B72935B0C90024345B /* Constant.swift in Sources */,
				E2B4D0932933B0B40024345B /* Textfield.swift in Sources */,
				E2B4D0852933683D0024345B /* String.swift in Sources */,
				E2B4D0912933A39C0024345B /* AppString.swift in Sources */,
				E2B4D0A52933F5770024345B /* ServerApi.swift in Sources */,
				E2B4D0952933B0BC0024345B /* Button.swift in Sources */,
				184D23E4293F1194000A8CDD /* SideMenuHeaderView.swift in Sources */,
				185AE9D8293A0B0C00B745A9 /* Restaurant.swift in Sources */,
				E2B4D08E293392490024345B /* UserDefaults.swift in Sources */,
				18B80137293DC1FE00EB18A7 /* RestaurantTableViewCell.swift in Sources */,
				185AE9D5293A07B700B745A9 /* MenuCollectionViewCell.swift in Sources */,
				185FD34229376DC7009D7274 /* ReviewsTableViewCell.swift in Sources */,
				18FECF0D2938C2EC00857885 /* Restaurants.swift in Sources */,
				18FECF192938DCE800857885 /* HomeHeaderView.swift in Sources */,
				E2B4D081293368190024345B /* Color.swift in Sources */,
				606AD9832935DD5B00131937 /* Regex.swift in Sources */,
				E2B4D08A293389350024345B /* Label.swift in Sources */,
				185FD33F29376B9F009D7274 /* ReviewsViewController.swift in Sources */,
				E2A58BED29335E99009268C8 /* SceneDelegate.swift in Sources */,
				185FD33B293761FC009D7274 /* CollectionView.swift in Sources */,
				1844A7D92941BE07008315B7 /* Product2TableViewCell.swift in Sources */,
				E2B4D09D2933E5FA0024345B /* StackView.swift in Sources */,
			);
			runOnlyForDeploymentPostprocessing = 0;
		};
/* End PBXSourcesBuildPhase section */

/* Begin PBXVariantGroup section */
		E2B4D07A293363C80024345B /* Localizable.strings */ = {
			isa = PBXVariantGroup;
			children = (
				E2B4D079293363C80024345B /* en */,
				E2B4D07B293363D90024345B /* de */,
			);
			name = Localizable.strings;
			sourceTree = "<group>";
		};
/* End PBXVariantGroup section */

/* Begin XCBuildConfiguration section */
		E2A58BF929335E9B009268C8 /* Debug */ = {
			isa = XCBuildConfiguration;
			buildSettings = {
				ALWAYS_SEARCH_USER_PATHS = NO;
				CLANG_ANALYZER_LOCALIZABILITY_NONLOCALIZED = YES;
				CLANG_ANALYZER_NONNULL = YES;
				CLANG_ANALYZER_NUMBER_OBJECT_CONVERSION = YES_AGGRESSIVE;
				CLANG_CXX_LANGUAGE_STANDARD = "gnu++20";
				CLANG_ENABLE_MODULES = YES;
				CLANG_ENABLE_OBJC_ARC = YES;
				CLANG_ENABLE_OBJC_WEAK = YES;
				CLANG_WARN_BLOCK_CAPTURE_AUTORELEASING = YES;
				CLANG_WARN_BOOL_CONVERSION = YES;
				CLANG_WARN_COMMA = YES;
				CLANG_WARN_CONSTANT_CONVERSION = YES;
				CLANG_WARN_DEPRECATED_OBJC_IMPLEMENTATIONS = YES;
				CLANG_WARN_DIRECT_OBJC_ISA_USAGE = YES_ERROR;
				CLANG_WARN_DOCUMENTATION_COMMENTS = YES;
				CLANG_WARN_EMPTY_BODY = YES;
				CLANG_WARN_ENUM_CONVERSION = YES;
				CLANG_WARN_INFINITE_RECURSION = YES;
				CLANG_WARN_INT_CONVERSION = YES;
				CLANG_WARN_NON_LITERAL_NULL_CONVERSION = YES;
				CLANG_WARN_OBJC_IMPLICIT_RETAIN_SELF = YES;
				CLANG_WARN_OBJC_LITERAL_CONVERSION = YES;
				CLANG_WARN_OBJC_ROOT_CLASS = YES_ERROR;
				CLANG_WARN_QUOTED_INCLUDE_IN_FRAMEWORK_HEADER = YES;
				CLANG_WARN_RANGE_LOOP_ANALYSIS = YES;
				CLANG_WARN_STRICT_PROTOTYPES = YES;
				CLANG_WARN_SUSPICIOUS_MOVE = YES;
				CLANG_WARN_UNGUARDED_AVAILABILITY = YES_AGGRESSIVE;
				CLANG_WARN_UNREACHABLE_CODE = YES;
				CLANG_WARN__DUPLICATE_METHOD_MATCH = YES;
				COPY_PHASE_STRIP = NO;
				DEBUG_INFORMATION_FORMAT = dwarf;
				ENABLE_STRICT_OBJC_MSGSEND = YES;
				ENABLE_TESTABILITY = YES;
				GCC_C_LANGUAGE_STANDARD = gnu11;
				GCC_DYNAMIC_NO_PIC = NO;
				GCC_NO_COMMON_BLOCKS = YES;
				GCC_OPTIMIZATION_LEVEL = 0;
				GCC_PREPROCESSOR_DEFINITIONS = (
					"DEBUG=1",
					"$(inherited)",
				);
				GCC_WARN_64_TO_32_BIT_CONVERSION = YES;
				GCC_WARN_ABOUT_RETURN_TYPE = YES_ERROR;
				GCC_WARN_UNDECLARED_SELECTOR = YES;
				GCC_WARN_UNINITIALIZED_AUTOS = YES_AGGRESSIVE;
				GCC_WARN_UNUSED_FUNCTION = YES;
				GCC_WARN_UNUSED_VARIABLE = YES;
				INFOPLIST_FILE = "";
				IPHONEOS_DEPLOYMENT_TARGET = 14.0;
				MTL_ENABLE_DEBUG_INFO = INCLUDE_SOURCE;
				MTL_FAST_MATH = YES;
				ONLY_ACTIVE_ARCH = YES;
				SDKROOT = iphoneos;
				SWIFT_ACTIVE_COMPILATION_CONDITIONS = DEBUG;
				SWIFT_OPTIMIZATION_LEVEL = "-Onone";
			};
			name = Debug;
		};
		E2A58BFA29335E9B009268C8 /* Release */ = {
			isa = XCBuildConfiguration;
			buildSettings = {
				ALWAYS_SEARCH_USER_PATHS = NO;
				CLANG_ANALYZER_LOCALIZABILITY_NONLOCALIZED = YES;
				CLANG_ANALYZER_NONNULL = YES;
				CLANG_ANALYZER_NUMBER_OBJECT_CONVERSION = YES_AGGRESSIVE;
				CLANG_CXX_LANGUAGE_STANDARD = "gnu++20";
				CLANG_ENABLE_MODULES = YES;
				CLANG_ENABLE_OBJC_ARC = YES;
				CLANG_ENABLE_OBJC_WEAK = YES;
				CLANG_WARN_BLOCK_CAPTURE_AUTORELEASING = YES;
				CLANG_WARN_BOOL_CONVERSION = YES;
				CLANG_WARN_COMMA = YES;
				CLANG_WARN_CONSTANT_CONVERSION = YES;
				CLANG_WARN_DEPRECATED_OBJC_IMPLEMENTATIONS = YES;
				CLANG_WARN_DIRECT_OBJC_ISA_USAGE = YES_ERROR;
				CLANG_WARN_DOCUMENTATION_COMMENTS = YES;
				CLANG_WARN_EMPTY_BODY = YES;
				CLANG_WARN_ENUM_CONVERSION = YES;
				CLANG_WARN_INFINITE_RECURSION = YES;
				CLANG_WARN_INT_CONVERSION = YES;
				CLANG_WARN_NON_LITERAL_NULL_CONVERSION = YES;
				CLANG_WARN_OBJC_IMPLICIT_RETAIN_SELF = YES;
				CLANG_WARN_OBJC_LITERAL_CONVERSION = YES;
				CLANG_WARN_OBJC_ROOT_CLASS = YES_ERROR;
				CLANG_WARN_QUOTED_INCLUDE_IN_FRAMEWORK_HEADER = YES;
				CLANG_WARN_RANGE_LOOP_ANALYSIS = YES;
				CLANG_WARN_STRICT_PROTOTYPES = YES;
				CLANG_WARN_SUSPICIOUS_MOVE = YES;
				CLANG_WARN_UNGUARDED_AVAILABILITY = YES_AGGRESSIVE;
				CLANG_WARN_UNREACHABLE_CODE = YES;
				CLANG_WARN__DUPLICATE_METHOD_MATCH = YES;
				COPY_PHASE_STRIP = NO;
				DEBUG_INFORMATION_FORMAT = "dwarf-with-dsym";
				ENABLE_NS_ASSERTIONS = NO;
				ENABLE_STRICT_OBJC_MSGSEND = YES;
				GCC_C_LANGUAGE_STANDARD = gnu11;
				GCC_NO_COMMON_BLOCKS = YES;
				GCC_WARN_64_TO_32_BIT_CONVERSION = YES;
				GCC_WARN_ABOUT_RETURN_TYPE = YES_ERROR;
				GCC_WARN_UNDECLARED_SELECTOR = YES;
				GCC_WARN_UNINITIALIZED_AUTOS = YES_AGGRESSIVE;
				GCC_WARN_UNUSED_FUNCTION = YES;
				GCC_WARN_UNUSED_VARIABLE = YES;
				INFOPLIST_FILE = "";
				IPHONEOS_DEPLOYMENT_TARGET = 14.0;
				MTL_ENABLE_DEBUG_INFO = NO;
				MTL_FAST_MATH = YES;
				SDKROOT = iphoneos;
				SWIFT_COMPILATION_MODE = wholemodule;
				SWIFT_OPTIMIZATION_LEVEL = "-O";
				VALIDATE_PRODUCT = YES;
			};
			name = Release;
		};
		E2A58BFC29335E9B009268C8 /* Debug */ = {
			isa = XCBuildConfiguration;
			baseConfigurationReference = 0C7D692390A19DFECB922B25 /* Pods-Rabatjuh.debug.xcconfig */;
			buildSettings = {
				ASSETCATALOG_COMPILER_APPICON_NAME = AppIcon;
				ASSETCATALOG_COMPILER_GLOBAL_ACCENT_COLOR_NAME = AccentColor;
				CODE_SIGN_IDENTITY = "Apple Development";
				CODE_SIGN_STYLE = Automatic;
				CURRENT_PROJECT_VERSION = 1;
				DEVELOPMENT_TEAM = "";
				GENERATE_INFOPLIST_FILE = YES;
				INFOPLIST_FILE = Rabatjuh/Resources/Info.plist;
				INFOPLIST_KEY_UIApplicationSupportsIndirectInputEvents = YES;
				INFOPLIST_KEY_UILaunchStoryboardName = LaunchScreen;
				INFOPLIST_KEY_UIMainStoryboardFile = Main;
				INFOPLIST_KEY_UISupportedInterfaceOrientations_iPad = "UIInterfaceOrientationPortrait UIInterfaceOrientationPortraitUpsideDown UIInterfaceOrientationLandscapeLeft UIInterfaceOrientationLandscapeRight";
				INFOPLIST_KEY_UISupportedInterfaceOrientations_iPhone = "UIInterfaceOrientationPortrait UIInterfaceOrientationLandscapeLeft UIInterfaceOrientationLandscapeRight";
				IPHONEOS_DEPLOYMENT_TARGET = 14.0;
				LD_RUNPATH_SEARCH_PATHS = (
					"$(inherited)",
					"@executable_path/Frameworks",
				);
				MARKETING_VERSION = 1.0;
				PRODUCT_BUNDLE_IDENTIFIER = "com.LeadingSpark.Swift-Boiler-Plate";
				PRODUCT_NAME = "$(TARGET_NAME)";
				PROVISIONING_PROFILE_SPECIFIER = "";
				SWIFT_EMIT_LOC_STRINGS = YES;
				SWIFT_VERSION = 5.0;
				TARGETED_DEVICE_FAMILY = "1,2";
			};
			name = Debug;
		};
		E2A58BFD29335E9B009268C8 /* Release */ = {
			isa = XCBuildConfiguration;
			baseConfigurationReference = 9671CDDE0E6F7D4DD0B68BAF /* Pods-Rabatjuh.release.xcconfig */;
			buildSettings = {
				ASSETCATALOG_COMPILER_APPICON_NAME = AppIcon;
				ASSETCATALOG_COMPILER_GLOBAL_ACCENT_COLOR_NAME = AccentColor;
				CODE_SIGN_IDENTITY = "Apple Development";
				CODE_SIGN_STYLE = Automatic;
				CURRENT_PROJECT_VERSION = 1;
				DEVELOPMENT_TEAM = "";
				GENERATE_INFOPLIST_FILE = YES;
				INFOPLIST_FILE = Rabatjuh/Resources/Info.plist;
				INFOPLIST_KEY_UIApplicationSupportsIndirectInputEvents = YES;
				INFOPLIST_KEY_UILaunchStoryboardName = LaunchScreen;
				INFOPLIST_KEY_UIMainStoryboardFile = Main;
				INFOPLIST_KEY_UISupportedInterfaceOrientations_iPad = "UIInterfaceOrientationPortrait UIInterfaceOrientationPortraitUpsideDown UIInterfaceOrientationLandscapeLeft UIInterfaceOrientationLandscapeRight";
				INFOPLIST_KEY_UISupportedInterfaceOrientations_iPhone = "UIInterfaceOrientationPortrait UIInterfaceOrientationLandscapeLeft UIInterfaceOrientationLandscapeRight";
				IPHONEOS_DEPLOYMENT_TARGET = 14.0;
				LD_RUNPATH_SEARCH_PATHS = (
					"$(inherited)",
					"@executable_path/Frameworks",
				);
				MARKETING_VERSION = 1.0;
				PRODUCT_BUNDLE_IDENTIFIER = "com.LeadingSpark.Swift-Boiler-Plate";
				PRODUCT_NAME = "$(TARGET_NAME)";
				PROVISIONING_PROFILE_SPECIFIER = "";
				SWIFT_EMIT_LOC_STRINGS = YES;
				SWIFT_VERSION = 5.0;
				TARGETED_DEVICE_FAMILY = "1,2";
			};
			name = Release;
		};
/* End XCBuildConfiguration section */

/* Begin XCConfigurationList section */
		E2A58BE229335E99009268C8 /* Build configuration list for PBXProject "Rabatjuh" */ = {
			isa = XCConfigurationList;
			buildConfigurations = (
				E2A58BF929335E9B009268C8 /* Debug */,
				E2A58BFA29335E9B009268C8 /* Release */,
			);
			defaultConfigurationIsVisible = 0;
			defaultConfigurationName = Release;
		};
		E2A58BFB29335E9B009268C8 /* Build configuration list for PBXNativeTarget "Rabatjuh" */ = {
			isa = XCConfigurationList;
			buildConfigurations = (
				E2A58BFC29335E9B009268C8 /* Debug */,
				E2A58BFD29335E9B009268C8 /* Release */,
			);
			defaultConfigurationIsVisible = 0;
			defaultConfigurationName = Release;
		};
/* End XCConfigurationList section */
	};
	rootObject = E2A58BDF29335E99009268C8 /* Project object */;
}
